
Microsoft Visual Studio Solution File, Format Version 12.00
# Visual Studio Version 17
VisualStudioVersion = 17.12.35527.113
MinimumVisualStudioVersion = 10.0.40219.1
Project("{9A19103F-16F7-4668-BE54-9A1E7A4F7556}") = "Modelli", "Modelli\Modelli.csproj", "{DB95698E-ADB1-42B9-8821-23ED7C37B7B1}"
EndProject
Project("{9A19103F-16F7-4668-BE54-9A1E7A4F7556}") = "MeteoServizi", "MeteoServizi\MeteoServizi.csproj", "{CE0926B0-5A71-44B5-94B4-C82B8FA3340C}"
EndProject
Project("{9A19103F-16F7-4668-BE54-9A1E7A4F7556}") = "ServizioSOAP", "ServizioSOAP\ServizioSOAP.csproj", "{22D0B431-0C08-4A35-A543-7F85E70F4F8E}"
EndProject
Project("{9A19103F-16F7-4668-BE54-9A1E7A4F7556}") = "WebMeteo", "WebMeteo\WebMeteo.csproj", "{A4384264-AE17-4B82-A30C-8C46A5B9B918}"
EndProject
Project("{E53339B2-1760-4266-BCC7-CA923CBCF16C}") = "docker-compose", "docker-compose.dcproj", "{6CF77EA2-1E99-41F9-A3E4-5D18AD2F4308}"
EndProject
Global
	GlobalSection(SolutionConfigurationPlatforms) = preSolution
		Debug|Any CPU = Debug|Any CPU
		Release|Any CPU = Release|Any CPU
	EndGlobalSection
	GlobalSection(ProjectConfigurationPlatforms) = postSolution
		{DB95698E-ADB1-42B9-8821-23ED7C37B7B1}.Debug|Any CPU.ActiveCfg = Debug|Any CPU
		{DB95698E-ADB1-42B9-8821-23ED7C37B7B1}.Debug|Any CPU.Build.0 = Debug|Any CPU
		{DB95698E-ADB1-42B9-8821-23ED7C37B7B1}.Release|Any CPU.ActiveCfg = Release|Any CPU
		{DB95698E-ADB1-42B9-8821-23ED7C37B7B1}.Release|Any CPU.Build.0 = Release|Any CPU
		{CE0926B0-5A71-44B5-94B4-C82B8FA3340C}.Debug|Any CPU.ActiveCfg = Debug|Any CPU
		{CE0926B0-5A71-44B5-94B4-C82B8FA3340C}.Debug|Any CPU.Build.0 = Debug|Any CPU
		{CE0926B0-5A71-44B5-94B4-C82B8FA3340C}.Release|Any CPU.ActiveCfg = Release|Any CPU
		{CE0926B0-5A71-44B5-94B4-C82B8FA3340C}.Release|Any CPU.Build.0 = Release|Any CPU
		{22D0B431-0C08-4A35-A543-7F85E70F4F8E}.Debug|Any CPU.ActiveCfg = Debug|Any CPU
		{22D0B431-0C08-4A35-A543-7F85E70F4F8E}.Debug|Any CPU.Build.0 = Debug|Any CPU
		{22D0B431-0C08-4A35-A543-7F85E70F4F8E}.Release|Any CPU.ActiveCfg = Release|Any CPU
		{22D0B431-0C08-4A35-A543-7F85E70F4F8E}.Release|Any CPU.Build.0 = Release|Any CPU
		{A4384264-AE17-4B82-A30C-8C46A5B9B918}.Debug|Any CPU.ActiveCfg = Debug|Any CPU
		{A4384264-AE17-4B82-A30C-8C46A5B9B918}.Debug|Any CPU.Build.0 = Debug|Any CPU
		{A4384264-AE17-4B82-A30C-8C46A5B9B918}.Release|Any CPU.ActiveCfg = Release|Any CPU
		{A4384264-AE17-4B82-A30C-8C46A5B9B918}.Release|Any CPU.Build.0 = Release|Any CPU
		{6CF77EA2-1E99-41F9-A3E4-5D18AD2F4308}.Debug|Any CPU.ActiveCfg = Debug|Any CPU
		{6CF77EA2-1E99-41F9-A3E4-5D18AD2F4308}.Debug|Any CPU.Build.0 = Debug|Any CPU
		{6CF77EA2-1E99-41F9-A3E4-5D18AD2F4308}.Release|Any CPU.ActiveCfg = Release|Any CPU
		{6CF77EA2-1E99-41F9-A3E4-5D18AD2F4308}.Release|Any CPU.Build.0 = Release|Any CPU
	EndGlobalSection
	GlobalSection(SolutionProperties) = preSolution
		HideSolutionNode = FALSE
	EndGlobalSection
	GlobalSection(ExtensibilityGlobals) = postSolution
		SolutionGuid = {C3A26B27-BF8B-4165-B2F9-BF75DACA3ED7}
	EndGlobalSection
EndGlobal
